
Microsoft Visual Studio Solution File, Format Version 12.00
Project("{2150E333-8FDC-42A3-9474-1A3956D46DE8}") = "src", "src", "{B86A4A98-CE49-4DF7-BDD5-75626F4CC145}"
EndProject
Project("{FAE04EC0-301F-11D3-BF4B-00C04F79EFBC}") = "JAParkCar.Domain", "src\JAParkCar.Domain\JAParkCar.Domain.csproj", "{24083BF1-4CFB-4CF5-8435-89F2C225C9C2}"
EndProject
Project("{FAE04EC0-301F-11D3-BF4B-00C04F79EFBC}") = "JAParkCar.Infra", "src\JAParkCar.Infra\JAParkCar.Infra.csproj", "{47687B9D-14E5-4B5C-A431-DA85071A3521}"
EndProject
Project("{FAE04EC0-301F-11D3-BF4B-00C04F79EFBC}") = "JAParkCar.Application", "src\JAParkCar.Application\JAParkCar.Application.csproj", "{18DE7015-1E29-4822-9B66-7D391717A43D}"
EndProject
Project("{FAE04EC0-301F-11D3-BF4B-00C04F79EFBC}") = "JAParkCar.API", "src\JAParkCar.API\JAParkCar.API.csproj", "{A6FE59F9-E224-428D-BC52-D2D3AE58234F}"
EndProject
Global
	GlobalSection(SolutionConfigurationPlatforms) = preSolution
		Debug|Any CPU = Debug|Any CPU
		Release|Any CPU = Release|Any CPU
	EndGlobalSection
	GlobalSection(NestedProjects) = preSolution
		{24083BF1-4CFB-4CF5-8435-89F2C225C9C2} = {B86A4A98-CE49-4DF7-BDD5-75626F4CC145}
		{47687B9D-14E5-4B5C-A431-DA85071A3521} = {B86A4A98-CE49-4DF7-BDD5-75626F4CC145}
		{18DE7015-1E29-4822-9B66-7D391717A43D} = {B86A4A98-CE49-4DF7-BDD5-75626F4CC145}
		{A6FE59F9-E224-428D-BC52-D2D3AE58234F} = {B86A4A98-CE49-4DF7-BDD5-75626F4CC145}
	EndGlobalSection
	GlobalSection(ProjectConfigurationPlatforms) = postSolution
		{24083BF1-4CFB-4CF5-8435-89F2C225C9C2}.Debug|Any CPU.ActiveCfg = Debug|Any CPU
		{24083BF1-4CFB-4CF5-8435-89F2C225C9C2}.Debug|Any CPU.Build.0 = Debug|Any CPU
		{24083BF1-4CFB-4CF5-8435-89F2C225C9C2}.Release|Any CPU.ActiveCfg = Release|Any CPU
		{24083BF1-4CFB-4CF5-8435-89F2C225C9C2}.Release|Any CPU.Build.0 = Release|Any CPU
		{47687B9D-14E5-4B5C-A431-DA85071A3521}.Debug|Any CPU.ActiveCfg = Debug|Any CPU
		{47687B9D-14E5-4B5C-A431-DA85071A3521}.Debug|Any CPU.Build.0 = Debug|Any CPU
		{47687B9D-14E5-4B5C-A431-DA85071A3521}.Release|Any CPU.ActiveCfg = Release|Any CPU
		{47687B9D-14E5-4B5C-A431-DA85071A3521}.Release|Any CPU.Build.0 = Release|Any CPU
		{18DE7015-1E29-4822-9B66-7D391717A43D}.Debug|Any CPU.ActiveCfg = Debug|Any CPU
		{18DE7015-1E29-4822-9B66-7D391717A43D}.Debug|Any CPU.Build.0 = Debug|Any CPU
		{18DE7015-1E29-4822-9B66-7D391717A43D}.Release|Any CPU.ActiveCfg = Release|Any CPU
		{18DE7015-1E29-4822-9B66-7D391717A43D}.Release|Any CPU.Build.0 = Release|Any CPU
		{A6FE59F9-E224-428D-BC52-D2D3AE58234F}.Debug|Any CPU.ActiveCfg = Debug|Any CPU
		{A6FE59F9-E224-428D-BC52-D2D3AE58234F}.Debug|Any CPU.Build.0 = Debug|Any CPU
		{A6FE59F9-E224-428D-BC52-D2D3AE58234F}.Release|Any CPU.ActiveCfg = Release|Any CPU
		{A6FE59F9-E224-428D-BC52-D2D3AE58234F}.Release|Any CPU.Build.0 = Release|Any CPU
	EndGlobalSection
EndGlobal
